version = 1
revision = 3
requires-python = ">=3.12, <4"

[[package]]
name = "beautifulsoup4"
version = "4.12.3"
source = { registry = "https://pypi.org/simple" }
dependencies = [
    { name = "soupsieve" },
]
sdist = { url = "https://files.pythonhosted.org/packages/b3/ca/824b1195773ce6166d388573fc106ce56d4a805bd7427b624e063596ec58/beautifulsoup4-4.12.3.tar.gz", hash = "sha256:74e3d1928edc070d21748185c46e3fb33490f22f52a3addee9aee0f4f7781051", size = 581181, upload-time = "2024-01-17T16:53:17.902Z" }
wheels = [
    { url = "https://files.pythonhosted.org/packages/b1/fe/e8c672695b37eecc5cbf43e1d0638d88d66ba3a44c4d321c796f4e59167f/beautifulsoup4-4.12.3-py3-none-any.whl", hash = "sha256:b80878c9f40111313e55da8ba20bdba06d8fa3969fc68304167741bbf9e082ed", size = 147925, upload-time = "2024-01-17T16:53:12.779Z" },
]

[[package]]
name = "certifi"
version = "2024.7.4"
source = { registry = "https://pypi.org/simple" }
sdist = { url = "https://files.pythonhosted.org/packages/c2/02/a95f2b11e207f68bc64d7aae9666fed2e2b3f307748d5123dffb72a1bbea/certifi-2024.7.4.tar.gz", hash = "sha256:5a1e7645bc0ec61a09e26c36f6106dd4cf40c6db3a1fb6352b0244e7fb057c7b", size = 164065, upload-time = "2024-07-04T01:36:11.653Z" }
wheels = [
    { url = "https://files.pythonhosted.org/packages/1c/d5/c84e1a17bf61d4df64ca866a1c9a913874b4e9bdc131ec689a0ad013fb36/certifi-2024.7.4-py3-none-any.whl", hash = "sha256:c198e21b1289c2ab85ee4e67bb4b4ef3ead0892059901a8d5b622f24a1101e90", size = 162960, upload-time = "2024-07-04T01:36:09.038Z" },
]

[[package]]
name = "cfgv"
version = "3.4.0"
source = { registry = "https://pypi.org/simple" }
sdist = { url = "https://files.pythonhosted.org/packages/11/74/539e56497d9bd1d484fd863dd69cbbfa653cd2aa27abfe35653494d85e94/cfgv-3.4.0.tar.gz", hash = "sha256:e52591d4c5f5dead8e0f673fb16db7949d2cfb3f7da4582893288f0ded8fe560", size = 7114, upload-time = "2023-08-12T20:38:17.776Z" }
wheels = [
    { url = "https://files.pythonhosted.org/packages/c5/55/51844dd50c4fc7a33b653bfaba4c2456f06955289ca770a5dbd5fd267374/cfgv-3.4.0-py2.py3-none-any.whl", hash = "sha256:b7265b1f29fd3316bfcd2b330d63d024f2bfd8bcb8b0272f8e19a504856c48f9", size = 7249, upload-time = "2023-08-12T20:38:16.269Z" },
]

[[package]]
name = "charset-normalizer"
version = "3.3.2"
source = { registry = "https://pypi.org/simple" }
sdist = { url = "https://files.pythonhosted.org/packages/63/09/c1bc53dab74b1816a00d8d030de5bf98f724c52c1635e07681d312f20be8/charset-normalizer-3.3.2.tar.gz", hash = "sha256:f30c3cb33b24454a82faecaf01b19c18562b1e89558fb6c56de4d9118a032fd5", size = 104809, upload-time = "2023-11-01T04:04:59.997Z" }
wheels = [
    { url = "https://files.pythonhosted.org/packages/d1/b2/fcedc8255ec42afee97f9e6f0145c734bbe104aac28300214593eb326f1d/charset_normalizer-3.3.2-cp312-cp312-macosx_10_9_universal2.whl", hash = "sha256:0b2b64d2bb6d3fb9112bafa732def486049e63de9618b5843bcdd081d8144cd8", size = 192892, upload-time = "2023-11-01T04:03:24.135Z" },
    { url = "https://files.pythonhosted.org/packages/2e/7d/2259318c202f3d17f3fe6438149b3b9e706d1070fe3fcbb28049730bb25c/charset_normalizer-3.3.2-cp312-cp312-macosx_10_9_x86_64.whl", hash = "sha256:ddbb2551d7e0102e7252db79ba445cdab71b26640817ab1e3e3648dad515003b", size = 122213, upload-time = "2023-11-01T04:03:25.66Z" },
    { url = "https://files.pythonhosted.org/packages/3a/52/9f9d17c3b54dc238de384c4cb5a2ef0e27985b42a0e5cc8e8a31d918d48d/charset_normalizer-3.3.2-cp312-cp312-macosx_11_0_arm64.whl", hash = "sha256:55086ee1064215781fff39a1af09518bc9255b50d6333f2e4c74ca09fac6a8f6", size = 119404, upload-time = "2023-11-01T04:03:27.04Z" },
    { url = "https://files.pythonhosted.org/packages/99/b0/9c365f6d79a9f0f3c379ddb40a256a67aa69c59609608fe7feb6235896e1/charset_normalizer-3.3.2-cp312-cp312-manylinux_2_17_aarch64.manylinux2014_aarch64.whl", hash = "sha256:8f4a014bc36d3c57402e2977dada34f9c12300af536839dc38c0beab8878f38a", size = 137275, upload-time = "2023-11-01T04:03:28.466Z" },
    { url = "https://files.pythonhosted.org/packages/91/33/749df346e93d7a30cdcb90cbfdd41a06026317bfbfb62cd68307c1a3c543/charset_normalizer-3.3.2-cp312-cp312-manylinux_2_17_ppc64le.manylinux2014_ppc64le.whl", hash = "sha256:a10af20b82360ab00827f916a6058451b723b4e65030c5a18577c8b2de5b3389", size = 147518, upload-time = "2023-11-01T04:03:29.82Z" },
    { url = "https://files.pythonhosted.org/packages/72/1a/641d5c9f59e6af4c7b53da463d07600a695b9824e20849cb6eea8a627761/charset_normalizer-3.3.2-cp312-cp312-manylinux_2_17_s390x.manylinux2014_s390x.whl", hash = "sha256:8d756e44e94489e49571086ef83b2bb8ce311e730092d2c34ca8f7d925cb20aa", size = 140182, upload-time = "2023-11-01T04:03:31.511Z" },
    { url = "https://files.pythonhosted.org/packages/ee/fb/14d30eb4956408ee3ae09ad34299131fb383c47df355ddb428a7331cfa1e/charset_normalizer-3.3.2-cp312-cp312-manylinux_2_17_x86_64.manylinux2014_x86_64.whl", hash = "sha256:90d558489962fd4918143277a773316e56c72da56ec7aa3dc3dbbe20fdfed15b", size = 141869, upload-time = "2023-11-01T04:03:32.887Z" },
    { url = "https://files.pythonhosted.org/packages/df/3e/a06b18788ca2eb6695c9b22325b6fde7dde0f1d1838b1792a0076f58fe9d/charset_normalizer-3.3.2-cp312-cp312-manylinux_2_5_i686.manylinux1_i686.manylinux_2_17_i686.manylinux2014_i686.whl", hash = "sha256:6ac7ffc7ad6d040517be39eb591cac5ff87416c2537df6ba3cba3bae290c0fed", size = 144042, upload-time = "2023-11-01T04:03:34.412Z" },
    { url = "https://files.pythonhosted.org/packages/45/59/3d27019d3b447a88fe7e7d004a1e04be220227760264cc41b405e863891b/charset_normalizer-3.3.2-cp312-cp312-musllinux_1_1_aarch64.whl", hash = "sha256:7ed9e526742851e8d5cc9e6cf41427dfc6068d4f5a3bb03659444b4cabf6bc26", size = 138275, upload-time = "2023-11-01T04:03:35.759Z" },
    { url = "https://files.pythonhosted.org/packages/7b/ef/5eb105530b4da8ae37d506ccfa25057961b7b63d581def6f99165ea89c7e/charset_normalizer-3.3.2-cp312-cp312-musllinux_1_1_i686.whl", hash = "sha256:8bdb58ff7ba23002a4c5808d608e4e6c687175724f54a5dade5fa8c67b604e4d", size = 144819, upload-time = "2023-11-01T04:03:37.216Z" },
    { url = "https://files.pythonhosted.org/packages/a2/51/e5023f937d7f307c948ed3e5c29c4b7a3e42ed2ee0b8cdf8f3a706089bf0/charset_normalizer-3.3.2-cp312-cp312-musllinux_1_1_ppc64le.whl", hash = "sha256:6b3251890fff30ee142c44144871185dbe13b11bab478a88887a639655be1068", size = 149415, upload-time = "2023-11-01T04:03:38.694Z" },
    { url = "https://files.pythonhosted.org/packages/24/9d/2e3ef673dfd5be0154b20363c5cdcc5606f35666544381bee15af3778239/charset_normalizer-3.3.2-cp312-cp312-musllinux_1_1_s390x.whl", hash = "sha256:b4a23f61ce87adf89be746c8a8974fe1c823c891d8f86eb218bb957c924bb143", size = 141212, upload-time = "2023-11-01T04:03:40.07Z" },
    { url = "https://files.pythonhosted.org/packages/5b/ae/ce2c12fcac59cb3860b2e2d76dc405253a4475436b1861d95fe75bdea520/charset_normalizer-3.3.2-cp312-cp312-musllinux_1_1_x86_64.whl", hash = "sha256:efcb3f6676480691518c177e3b465bcddf57cea040302f9f4e6e191af91174d4", size = 142167, upload-time = "2023-11-01T04:03:41.491Z" },
    { url = "https://files.pythonhosted.org/packages/ed/3a/a448bf035dce5da359daf9ae8a16b8a39623cc395a2ffb1620aa1bce62b0/charset_normalizer-3.3.2-cp312-cp312-win32.whl", hash = "sha256:d965bba47ddeec8cd560687584e88cf699fd28f192ceb452d1d7ee807c5597b7", size = 93041, upload-time = "2023-11-01T04:03:42.836Z" },
    { url = "https://files.pythonhosted.org/packages/b6/7c/8debebb4f90174074b827c63242c23851bdf00a532489fba57fef3416e40/charset_normalizer-3.3.2-cp312-cp312-win_amd64.whl", hash = "sha256:96b02a3dc4381e5494fad39be677abcb5e6634bf7b4fa83a6dd3112607547001", size = 100397, upload-time = "2023-11-01T04:03:44.467Z" },
    { url = "https://files.pythonhosted.org/packages/28/76/e6222113b83e3622caa4bb41032d0b1bf785250607392e1b778aca0b8a7d/charset_normalizer-3.3.2-py3-none-any.whl", hash = "sha256:3e4d1f6587322d2788836a99c69062fbb091331ec940e02d12d179c1d53e25fc", size = 48543, upload-time = "2023-11-01T04:04:58.622Z" },
]

[[package]]
name = "colorama"
version = "0.4.6"
source = { registry = "https://pypi.org/simple" }
sdist = { url = "https://files.pythonhosted.org/packages/d8/53/6f443c9a4a8358a93a6792e2acffb9d9d5cb0a5cfd8802644b7b1c9a02e4/colorama-0.4.6.tar.gz", hash = "sha256:08695f5cb7ed6e0531a20572697297273c47b8cae5a63ffc6d6ed5c201be6e44", size = 27697, upload-time = "2022-10-25T02:36:22.414Z" }
wheels = [
    { url = "https://files.pythonhosted.org/packages/d1/d6/3965ed04c63042e047cb6a3e6ed1a63a35087b6a609aa3a15ed8ac56c221/colorama-0.4.6-py2.py3-none-any.whl", hash = "sha256:4f1d9991f5acc0ca119f9d443620b77f9d6b33703e51011c16baf57afb285fc6", size = 25335, upload-time = "2022-10-25T02:36:20.889Z" },
]

[[package]]
name = "coverage"
version = "7.6.0"
source = { registry = "https://pypi.org/simple" }
sdist = { url = "https://files.pythonhosted.org/packages/64/c8/a94ce9e17756aed521085ae716d627623374d34f92c1daf7162272ecb030/coverage-7.6.0.tar.gz", hash = "sha256:289cc803fa1dc901f84701ac10c9ee873619320f2f9aff38794db4a4a0268d51", size = 797590, upload-time = "2024-07-11T17:28:12.31Z" }
wheels = [
    { url = "https://files.pythonhosted.org/packages/57/3a/287ea47cca84c92528b5f9b34b971f845b637d37c3eead9f10aede3531da/coverage-7.6.0-cp312-cp312-macosx_10_9_x86_64.whl", hash = "sha256:f7db0b6ae1f96ae41afe626095149ecd1b212b424626175a6633c2999eaad45b", size = 206079, upload-time = "2024-07-11T17:26:56.219Z" },
    { url = "https://files.pythonhosted.org/packages/7b/14/3432bbdabeaa79de25421d24161ab472578ffe73fc56b0aa9411bea66335/coverage-7.6.0-cp312-cp312-macosx_11_0_arm64.whl", hash = "sha256:bbdf9a72403110a3bdae77948b8011f644571311c2fb35ee15f0f10a8fc082e8", size = 206320, upload-time = "2024-07-11T17:26:58.834Z" },
    { url = "https://files.pythonhosted.org/packages/0e/2a/f62d42a48449b26cfdf940661cf28bccc27e199dc0e956c738a6b1c942af/coverage-7.6.0-cp312-cp312-manylinux_2_17_aarch64.manylinux2014_aarch64.whl", hash = "sha256:9cc44bf0315268e253bf563f3560e6c004efe38f76db03a1558274a6e04bf5d5", size = 239454, upload-time = "2024-07-11T17:27:00.739Z" },
    { url = "https://files.pythonhosted.org/packages/0c/a2/d7c0988df525298b2c19c482cec27f76bbeba6c3ed7f85d9f79d8996e509/coverage-7.6.0-cp312-cp312-manylinux_2_5_i686.manylinux1_i686.manylinux_2_17_i686.manylinux2014_i686.whl", hash = "sha256:da8549d17489cd52f85a9829d0e1d91059359b3c54a26f28bec2c5d369524807", size = 236478, upload-time = "2024-07-11T17:27:03.483Z" },
    { url = "https://files.pythonhosted.org/packages/f2/aa/0419103c357bfd95a65d7b2e2249f9f1d79194241c5e87819cd81d36b96c/coverage-7.6.0-cp312-cp312-manylinux_2_5_x86_64.manylinux1_x86_64.manylinux_2_17_x86_64.manylinux2014_x86_64.whl", hash = "sha256:0086cd4fc71b7d485ac93ca4239c8f75732c2ae3ba83f6be1c9be59d9e2c6382", size = 238563, upload-time = "2024-07-11T17:27:07.354Z" },
    { url = "https://files.pythonhosted.org/packages/2a/ce/375f8fbbabc51e3dfce91355460912c930a4e241ffbafc1f3a35f43ac90b/coverage-7.6.0-cp312-cp312-musllinux_1_2_aarch64.whl", hash = "sha256:1fad32ee9b27350687035cb5fdf9145bc9cf0a094a9577d43e909948ebcfa27b", size = 238039, upload-time = "2024-07-11T17:27:10.171Z" },
    { url = "https://files.pythonhosted.org/packages/fd/ca/5eb0004e0bf66db1d4a18c67e4aece76ff409b061d85f31843c28c9a531c/coverage-7.6.0-cp312-cp312-musllinux_1_2_i686.whl", hash = "sha256:044a0985a4f25b335882b0966625270a8d9db3d3409ddc49a4eb00b0ef5e8cee", size = 236357, upload-time = "2024-07-11T17:27:12.694Z" },
    { url = "https://files.pythonhosted.org/packages/64/ea/848f064727fe172e80f8a7abc77664c593b6bece14d5acab7d7087f1244e/coverage-7.6.0-cp312-cp312-musllinux_1_2_x86_64.whl", hash = "sha256:76d5f82213aa78098b9b964ea89de4617e70e0d43e97900c2778a50856dac605", size = 238003, upload-time = "2024-07-11T17:27:15.079Z" },
    { url = "https://files.pythonhosted.org/packages/c2/b1/8f54a56789aecc930e227fc5900d18628d6efae4a8ad24981d58fc14b1e3/coverage-7.6.0-cp312-cp312-win32.whl", hash = "sha256:3c59105f8d58ce500f348c5b56163a4113a440dad6daa2294b5052a10db866da", size = 208686, upload-time = "2024-07-11T17:27:18.045Z" },
    { url = "https://files.pythonhosted.org/packages/cb/db/242c44433c5d342c8bf83864131e56af8c1c1ea5645a825b1800c19ad9bf/coverage-7.6.0-cp312-cp312-win_amd64.whl", hash = "sha256:ca5d79cfdae420a1d52bf177de4bc2289c321d6c961ae321503b2ca59c17ae67", size = 209455, upload-time = "2024-07-11T17:27:20.559Z" },
]

[[package]]
name = "distlib"
version = "0.3.8"
source = { registry = "https://pypi.org/simple" }
sdist = { url = "https://files.pythonhosted.org/packages/c4/91/e2df406fb4efacdf46871c25cde65d3c6ee5e173b7e5a4547a47bae91920/distlib-0.3.8.tar.gz", hash = "sha256:1530ea13e350031b6312d8580ddb6b27a104275a31106523b8f123787f494f64", size = 609931, upload-time = "2023-12-12T07:14:03.091Z" }
wheels = [
    { url = "https://files.pythonhosted.org/packages/8e/41/9307e4f5f9976bc8b7fea0b66367734e8faf3ec84bc0d412d8cfabbb66cd/distlib-0.3.8-py2.py3-none-any.whl", hash = "sha256:034db59a0b96f8ca18035f36290806a9a6e6bd9d1ff91e45a7f172eb17e51784", size = 468850, upload-time = "2023-12-12T07:13:59.966Z" },
]

[[package]]
name = "docker-python-nodejs"
version = "0.1.0"
source = { editable = "." }
dependencies = [
    { name = "beautifulsoup4" },
    { name = "jinja2" },
    { name = "requests" },
    { name = "semver" },
]

[package.dev-dependencies]
dev = [
    { name = "mypy" },
    { name = "pre-commit" },
    { name = "pytest" },
    { name = "pytest-cov" },
    { name = "pytest-socket" },
    { name = "responses" },
    { name = "ruff" },
    { name = "types-beautifulsoup4" },
    { name = "types-requests" },
]

[package.metadata]
requires-dist = [
    { name = "beautifulsoup4" },
    { name = "jinja2" },
    { name = "requests" },
    { name = "semver" },
]

[package.metadata.requires-dev]
dev = [
    { name = "mypy" },
    { name = "pre-commit" },
    { name = "pytest" },
    { name = "pytest-cov" },
    { name = "pytest-socket" },
    { name = "responses" },
    { name = "ruff", specifier = "==0.12.8" },
    { name = "types-beautifulsoup4" },
    { name = "types-requests" },
]

[[package]]
name = "filelock"
version = "3.15.4"
source = { registry = "https://pypi.org/simple" }
sdist = { url = "https://files.pythonhosted.org/packages/08/dd/49e06f09b6645156550fb9aee9cc1e59aba7efbc972d665a1bd6ae0435d4/filelock-3.15.4.tar.gz", hash = "sha256:2207938cbc1844345cb01a5a95524dae30f0ce089eba5b00378295a17e3e90cb", size = 18007, upload-time = "2024-06-22T15:59:14.749Z" }
wheels = [
    { url = "https://files.pythonhosted.org/packages/ae/f0/48285f0262fe47103a4a45972ed2f9b93e4c80b8fd609fa98da78b2a5706/filelock-3.15.4-py3-none-any.whl", hash = "sha256:6ca1fffae96225dab4c6eaf1c4f4f28cd2568d3ec2a44e15a08520504de468e7", size = 16159, upload-time = "2024-06-22T15:59:12.695Z" },
]

[[package]]
name = "identify"
version = "2.6.0"
source = { registry = "https://pypi.org/simple" }
sdist = { url = "https://files.pythonhosted.org/packages/32/f4/8e8f7db397a7ce20fbdeac5f25adaf567fc362472432938d25556008e03a/identify-2.6.0.tar.gz", hash = "sha256:cb171c685bdc31bcc4c1734698736a7d5b6c8bf2e0c15117f4d469c8640ae5cf", size = 99116, upload-time = "2024-07-07T23:54:16.9Z" }
wheels = [
    { url = "https://files.pythonhosted.org/packages/24/6c/a4f39abe7f19600b74528d0c717b52fff0b300bb0161081510d39c53cb00/identify-2.6.0-py2.py3-none-any.whl", hash = "sha256:e79ae4406387a9d300332b5fd366d8994f1525e8414984e1a59e058b2eda2dd0", size = 98962, upload-time = "2024-07-07T23:54:13.296Z" },
]

[[package]]
name = "idna"
version = "3.7"
source = { registry = "https://pypi.org/simple" }
sdist = { url = "https://files.pythonhosted.org/packages/21/ed/f86a79a07470cb07819390452f178b3bef1d375f2ec021ecfc709fc7cf07/idna-3.7.tar.gz", hash = "sha256:028ff3aadf0609c1fd278d8ea3089299412a7a8b9bd005dd08b9f8285bcb5cfc", size = 189575, upload-time = "2024-04-11T03:34:43.276Z" }
wheels = [
    { url = "https://files.pythonhosted.org/packages/e5/3e/741d8c82801c347547f8a2a06aa57dbb1992be9e948df2ea0eda2c8b79e8/idna-3.7-py3-none-any.whl", hash = "sha256:82fee1fc78add43492d3a1898bfa6d8a904cc97d8427f683ed8e798d07761aa0", size = 66836, upload-time = "2024-04-11T03:34:41.447Z" },
]

[[package]]
name = "iniconfig"
version = "2.0.0"
source = { registry = "https://pypi.org/simple" }
sdist = { url = "https://files.pythonhosted.org/packages/d7/4b/cbd8e699e64a6f16ca3a8220661b5f83792b3017d0f79807cb8708d33913/iniconfig-2.0.0.tar.gz", hash = "sha256:2d91e135bf72d31a410b17c16da610a82cb55f6b0477d1a902134b24a455b8b3", size = 4646, upload-time = "2023-01-07T11:08:11.254Z" }
wheels = [
    { url = "https://files.pythonhosted.org/packages/ef/a6/62565a6e1cf69e10f5727360368e451d4b7f58beeac6173dc9db836a5b46/iniconfig-2.0.0-py3-none-any.whl", hash = "sha256:b6a85871a79d2e3b22d2d1b94ac2824226a63c6b741c88f7ae975f18b6778374", size = 5892, upload-time = "2023-01-07T11:08:09.864Z" },
]

[[package]]
name = "jinja2"
version = "3.1.4"
source = { registry = "https://pypi.org/simple" }
dependencies = [
    { name = "markupsafe" },
]
sdist = { url = "https://files.pythonhosted.org/packages/ed/55/39036716d19cab0747a5020fc7e907f362fbf48c984b14e62127f7e68e5d/jinja2-3.1.4.tar.gz", hash = "sha256:4a3aee7acbbe7303aede8e9648d13b8bf88a429282aa6122a993f0ac800cb369", size = 240245, upload-time = "2024-05-05T23:42:02.455Z" }
wheels = [
    { url = "https://files.pythonhosted.org/packages/31/80/3a54838c3fb461f6fec263ebf3a3a41771bd05190238de3486aae8540c36/jinja2-3.1.4-py3-none-any.whl", hash = "sha256:bc5dd2abb727a5319567b7a813e6a2e7318c39f4f487cfe6c89c6f9c7d25197d", size = 133271, upload-time = "2024-05-05T23:41:59.928Z" },
]

[[package]]
name = "markupsafe"
version = "2.1.5"
source = { registry = "https://pypi.org/simple" }
sdist = { url = "https://files.pythonhosted.org/packages/87/5b/aae44c6655f3801e81aa3eef09dbbf012431987ba564d7231722f68df02d/MarkupSafe-2.1.5.tar.gz", hash = "sha256:d283d37a890ba4c1ae73ffadf8046435c76e7bc2247bbb63c00bd1a709c6544b", size = 19384, upload-time = "2024-02-02T16:31:22.863Z" }
wheels = [
    { url = "https://files.pythonhosted.org/packages/53/bd/583bf3e4c8d6a321938c13f49d44024dbe5ed63e0a7ba127e454a66da974/MarkupSafe-2.1.5-cp312-cp312-macosx_10_9_universal2.whl", hash = "sha256:8dec4936e9c3100156f8a2dc89c4b88d5c435175ff03413b443469c7c8c5f4d1", size = 18215, upload-time = "2024-02-02T16:30:33.081Z" },
    { url = "https://files.pythonhosted.org/packages/48/d6/e7cd795fc710292c3af3a06d80868ce4b02bfbbf370b7cee11d282815a2a/MarkupSafe-2.1.5-cp312-cp312-macosx_10_9_x86_64.whl", hash = "sha256:3c6b973f22eb18a789b1460b4b91bf04ae3f0c4234a0a6aa6b0a92f6f7b951d4", size = 14069, upload-time = "2024-02-02T16:30:34.148Z" },
    { url = "https://files.pythonhosted.org/packages/51/b5/5d8ec796e2a08fc814a2c7d2584b55f889a55cf17dd1a90f2beb70744e5c/MarkupSafe-2.1.5-cp312-cp312-manylinux_2_17_aarch64.manylinux2014_aarch64.whl", hash = "sha256:ac07bad82163452a6884fe8fa0963fb98c2346ba78d779ec06bd7a6262132aee", size = 29452, upload-time = "2024-02-02T16:30:35.149Z" },
    { url = "https://files.pythonhosted.org/packages/0a/0d/2454f072fae3b5a137c119abf15465d1771319dfe9e4acbb31722a0fff91/MarkupSafe-2.1.5-cp312-cp312-manylinux_2_17_x86_64.manylinux2014_x86_64.whl", hash = "sha256:f5dfb42c4604dddc8e4305050aa6deb084540643ed5804d7455b5df8fe16f5e5", size = 28462, upload-time = "2024-02-02T16:30:36.166Z" },
    { url = "https://files.pythonhosted.org/packages/2d/75/fd6cb2e68780f72d47e6671840ca517bda5ef663d30ada7616b0462ad1e3/MarkupSafe-2.1.5-cp312-cp312-manylinux_2_5_i686.manylinux1_i686.manylinux_2_17_i686.manylinux2014_i686.whl", hash = "sha256:ea3d8a3d18833cf4304cd2fc9cbb1efe188ca9b5efef2bdac7adc20594a0e46b", size = 27869, upload-time = "2024-02-02T16:30:37.834Z" },
    { url = "https://files.pythonhosted.org/packages/b0/81/147c477391c2750e8fc7705829f7351cf1cd3be64406edcf900dc633feb2/MarkupSafe-2.1.5-cp312-cp312-musllinux_1_1_aarch64.whl", hash = "sha256:d050b3361367a06d752db6ead6e7edeb0009be66bc3bae0ee9d97fb326badc2a", size = 33906, upload-time = "2024-02-02T16:30:39.366Z" },
    { url = "https://files.pythonhosted.org/packages/8b/ff/9a52b71839d7a256b563e85d11050e307121000dcebc97df120176b3ad93/MarkupSafe-2.1.5-cp312-cp312-musllinux_1_1_i686.whl", hash = "sha256:bec0a414d016ac1a18862a519e54b2fd0fc8bbfd6890376898a6c0891dd82e9f", size = 32296, upload-time = "2024-02-02T16:30:40.413Z" },
    { url = "https://files.pythonhosted.org/packages/88/07/2dc76aa51b481eb96a4c3198894f38b480490e834479611a4053fbf08623/MarkupSafe-2.1.5-cp312-cp312-musllinux_1_1_x86_64.whl", hash = "sha256:58c98fee265677f63a4385256a6d7683ab1832f3ddd1e66fe948d5880c21a169", size = 33038, upload-time = "2024-02-02T16:30:42.243Z" },
    { url = "https://files.pythonhosted.org/packages/96/0c/620c1fb3661858c0e37eb3cbffd8c6f732a67cd97296f725789679801b31/MarkupSafe-2.1.5-cp312-cp312-win32.whl", hash = "sha256:8590b4ae07a35970728874632fed7bd57b26b0102df2d2b233b6d9d82f6c62ad", size = 16572, upload-time = "2024-02-02T16:30:43.326Z" },
    { url = "https://files.pythonhosted.org/packages/3f/14/c3554d512d5f9100a95e737502f4a2323a1959f6d0d01e0d0997b35f7b10/MarkupSafe-2.1.5-cp312-cp312-win_amd64.whl", hash = "sha256:823b65d8706e32ad2df51ed89496147a42a2a6e01c13cfb6ffb8b1e92bc910bb", size = 17127, upload-time = "2024-02-02T16:30:44.418Z" },
]

[[package]]
name = "mypy"
version = "1.11.1"
source = { registry = "https://pypi.org/simple" }
dependencies = [
    { name = "mypy-extensions" },
    { name = "typing-extensions" },
]
sdist = { url = "https://files.pythonhosted.org/packages/b6/9c/a4b3bda53823439cf395db8ecdda6229a83f9bf201714a68a15190bb2919/mypy-1.11.1.tar.gz", hash = "sha256:f404a0b069709f18bbdb702eb3dcfe51910602995de00bd39cea3050b5772d08", size = 3078369, upload-time = "2024-07-30T22:38:50.835Z" }
wheels = [
    { url = "https://files.pythonhosted.org/packages/3a/34/69638cee2e87303f19a0c35e80d42757e14d9aba328f272fdcdc0bf3c9b8/mypy-1.11.1-cp312-cp312-macosx_10_9_x86_64.whl", hash = "sha256:f39918a50f74dc5969807dcfaecafa804fa7f90c9d60506835036cc1bc891dc8", size = 10995789, upload-time = "2024-07-30T22:37:57.824Z" },
    { url = "https://files.pythonhosted.org/packages/c4/3c/3e0611348fc53a4a7c80485959478b4f6eae706baf3b7c03cafa22639216/mypy-1.11.1-cp312-cp312-macosx_11_0_arm64.whl", hash = "sha256:0bc71d1fb27a428139dd78621953effe0d208aed9857cb08d002280b0422003a", size = 10002696, upload-time = "2024-07-30T22:38:08.325Z" },
    { url = "https://files.pythonhosted.org/packages/1c/21/a6b46c91b4c9d1918ee59c305f46850cde7cbea748635a352e7c3c8ed204/mypy-1.11.1-cp312-cp312-manylinux_2_17_x86_64.manylinux2014_x86_64.manylinux_2_28_x86_64.whl", hash = "sha256:b868d3bcff720dd7217c383474008ddabaf048fad8d78ed948bb4b624870a417", size = 12505772, upload-time = "2024-07-30T22:37:23.589Z" },
    { url = "https://files.pythonhosted.org/packages/c4/55/07904d4c8f408e70308015edcbff067eaa77514475938a9dd81b063de2a8/mypy-1.11.1-cp312-cp312-musllinux_1_1_x86_64.whl", hash = "sha256:a707ec1527ffcdd1c784d0924bf5cb15cd7f22683b919668a04d2b9c34549d2e", size = 12954190, upload-time = "2024-07-30T22:37:31.244Z" },
    { url = "https://files.pythonhosted.org/packages/1e/b7/3a50f318979c8c541428c2f1ee973cda813bcc89614de982dafdd0df2b3e/mypy-1.11.1-cp312-cp312-win_amd64.whl", hash = "sha256:64f4a90e3ea07f590c5bcf9029035cf0efeae5ba8be511a8caada1a4893f5525", size = 9663138, upload-time = "2024-07-30T22:37:19.849Z" },
    { url = "https://files.pythonhosted.org/packages/f8/d4/4960d0df55f30a7625d9c3c9414dfd42f779caabae137ef73ffaed0c97b9/mypy-1.11.1-py3-none-any.whl", hash = "sha256:0624bdb940255d2dd24e829d99a13cfeb72e4e9031f9492148f410ed30bcab54", size = 2619257, upload-time = "2024-07-30T22:37:40.567Z" },
]

[[package]]
name = "mypy-extensions"
version = "1.0.0"
source = { registry = "https://pypi.org/simple" }
sdist = { url = "https://files.pythonhosted.org/packages/98/a4/1ab47638b92648243faf97a5aeb6ea83059cc3624972ab6b8d2316078d3f/mypy_extensions-1.0.0.tar.gz", hash = "sha256:75dbf8955dc00442a438fc4d0666508a9a97b6bd41aa2f0ffe9d2f2725af0782", size = 4433, upload-time = "2023-02-04T12:11:27.157Z" }
wheels = [
    { url = "https://files.pythonhosted.org/packages/2a/e2/5d3f6ada4297caebe1a2add3b126fe800c96f56dbe5d1988a2cbe0b267aa/mypy_extensions-1.0.0-py3-none-any.whl", hash = "sha256:4392f6c0eb8a5668a69e23d168ffa70f0be9ccfd32b5cc2d26a34ae5b844552d", size = 4695, upload-time = "2023-02-04T12:11:25.002Z" },
]

[[package]]
name = "nodeenv"
version = "1.9.1"
source = { registry = "https://pypi.org/simple" }
sdist = { url = "https://files.pythonhosted.org/packages/43/16/fc88b08840de0e0a72a2f9d8c6bae36be573e475a6326ae854bcc549fc45/nodeenv-1.9.1.tar.gz", hash = "sha256:6ec12890a2dab7946721edbfbcd91f3319c6ccc9aec47be7c7e6b7011ee6645f", size = 47437, upload-time = "2024-06-04T18:44:11.171Z" }
wheels = [
    { url = "https://files.pythonhosted.org/packages/d2/1d/1b658dbd2b9fa9c4c9f32accbfc0205d532c8c6194dc0f2a4c0428e7128a/nodeenv-1.9.1-py2.py3-none-any.whl", hash = "sha256:ba11c9782d29c27c70ffbdda2d7415098754709be8a7056d79a737cd901155c9", size = 22314, upload-time = "2024-06-04T18:44:08.352Z" },
]

[[package]]
name = "packaging"
version = "24.1"
source = { registry = "https://pypi.org/simple" }
sdist = { url = "https://files.pythonhosted.org/packages/51/65/50db4dda066951078f0a96cf12f4b9ada6e4b811516bf0262c0f4f7064d4/packaging-24.1.tar.gz", hash = "sha256:026ed72c8ed3fcce5bf8950572258698927fd1dbda10a5e981cdf0ac37f4f002", size = 148788, upload-time = "2024-06-09T23:19:24.956Z" }
wheels = [
    { url = "https://files.pythonhosted.org/packages/08/aa/cc0199a5f0ad350994d660967a8efb233fe0416e4639146c089643407ce6/packaging-24.1-py3-none-any.whl", hash = "sha256:5b8f2217dbdbd2f7f384c41c628544e6d52f2d0f53c6d0c3ea61aa5d1d7ff124", size = 53985, upload-time = "2024-06-09T23:19:21.909Z" },
]

[[package]]
name = "platformdirs"
version = "4.2.2"
source = { registry = "https://pypi.org/simple" }
sdist = { url = "https://files.pythonhosted.org/packages/f5/52/0763d1d976d5c262df53ddda8d8d4719eedf9594d046f117c25a27261a19/platformdirs-4.2.2.tar.gz", hash = "sha256:38b7b51f512eed9e84a22788b4bce1de17c0adb134d6becb09836e37d8654cd3", size = 20916, upload-time = "2024-05-15T03:18:23.372Z" }
wheels = [
    { url = "https://files.pythonhosted.org/packages/68/13/2aa1f0e1364feb2c9ef45302f387ac0bd81484e9c9a4c5688a322fbdfd08/platformdirs-4.2.2-py3-none-any.whl", hash = "sha256:2d7a1657e36a80ea911db832a8a6ece5ee53d8de21edd5cc5879af6530b1bfee", size = 18146, upload-time = "2024-05-15T03:18:21.209Z" },
]

[[package]]
name = "pluggy"
version = "1.5.0"
source = { registry = "https://pypi.org/simple" }
sdist = { url = "https://files.pythonhosted.org/packages/96/2d/02d4312c973c6050a18b314a5ad0b3210edb65a906f868e31c111dede4a6/pluggy-1.5.0.tar.gz", hash = "sha256:2cffa88e94fdc978c4c574f15f9e59b7f4201d439195c3715ca9e2486f1d0cf1", size = 67955, upload-time = "2024-04-20T21:34:42.531Z" }
wheels = [
    { url = "https://files.pythonhosted.org/packages/88/5f/e351af9a41f866ac3f1fac4ca0613908d9a41741cfcf2228f4ad853b697d/pluggy-1.5.0-py3-none-any.whl", hash = "sha256:44e1ad92c8ca002de6377e165f3e0f1be63266ab4d554740532335b9d75ea669", size = 20556, upload-time = "2024-04-20T21:34:40.434Z" },
]

[[package]]
name = "pre-commit"
version = "3.8.0"
source = { registry = "https://pypi.org/simple" }
dependencies = [
    { name = "cfgv" },
    { name = "identify" },
    { name = "nodeenv" },
    { name = "pyyaml" },
    { name = "virtualenv" },
]
sdist = { url = "https://files.pythonhosted.org/packages/64/10/97ee2fa54dff1e9da9badbc5e35d0bbaef0776271ea5907eccf64140f72f/pre_commit-3.8.0.tar.gz", hash = "sha256:8bb6494d4a20423842e198980c9ecf9f96607a07ea29549e180eef9ae80fe7af", size = 177815, upload-time = "2024-07-28T19:59:01.538Z" }
wheels = [
    { url = "https://files.pythonhosted.org/packages/07/92/caae8c86e94681b42c246f0bca35c059a2f0529e5b92619f6aba4cf7e7b6/pre_commit-3.8.0-py2.py3-none-any.whl", hash = "sha256:9a90a53bf82fdd8778d58085faf8d83df56e40dfe18f45b19446e26bf1b3a63f", size = 204643, upload-time = "2024-07-28T19:58:59.335Z" },
]

[[package]]
name = "pytest"
version = "8.3.2"
source = { registry = "https://pypi.org/simple" }
dependencies = [
    { name = "colorama", marker = "sys_platform == 'win32'" },
    { name = "iniconfig" },
    { name = "packaging" },
    { name = "pluggy" },
]
sdist = { url = "https://files.pythonhosted.org/packages/b4/8c/9862305bdcd6020bc7b45b1b5e7397a6caf1a33d3025b9a003b39075ffb2/pytest-8.3.2.tar.gz", hash = "sha256:c132345d12ce551242c87269de812483f5bcc87cdbb4722e48487ba194f9fdce", size = 1439314, upload-time = "2024-07-25T10:40:00.159Z" }
wheels = [
    { url = "https://files.pythonhosted.org/packages/0f/f9/cf155cf32ca7d6fa3601bc4c5dd19086af4b320b706919d48a4c79081cf9/pytest-8.3.2-py3-none-any.whl", hash = "sha256:4ba08f9ae7dcf84ded419494d229b48d0903ea6407b030eaec46df5e6a73bba5", size = 341802, upload-time = "2024-07-25T10:39:57.834Z" },
]

[[package]]
name = "pytest-cov"
version = "5.0.0"
source = { registry = "https://pypi.org/simple" }
dependencies = [
    { name = "coverage" },
    { name = "pytest" },
]
sdist = { url = "https://files.pythonhosted.org/packages/74/67/00efc8d11b630c56f15f4ad9c7f9223f1e5ec275aaae3fa9118c6a223ad2/pytest-cov-5.0.0.tar.gz", hash = "sha256:5837b58e9f6ebd335b0f8060eecce69b662415b16dc503883a02f45dfeb14857", size = 63042, upload-time = "2024-03-24T20:16:34.856Z" }
wheels = [
    { url = "https://files.pythonhosted.org/packages/78/3a/af5b4fa5961d9a1e6237b530eb87dd04aea6eb83da09d2a4073d81b54ccf/pytest_cov-5.0.0-py3-none-any.whl", hash = "sha256:4f0764a1219df53214206bf1feea4633c3b558a2925c8b59f144f682861ce652", size = 21990, upload-time = "2024-03-24T20:16:32.444Z" },
]

[[package]]
name = "pytest-socket"
version = "0.7.0"
source = { registry = "https://pypi.org/simple" }
dependencies = [
    { name = "pytest" },
]
sdist = { url = "https://files.pythonhosted.org/packages/05/ff/90c7e1e746baf3d62ce864c479fd53410b534818b9437413903596f81580/pytest_socket-0.7.0.tar.gz", hash = "sha256:71ab048cbbcb085c15a4423b73b619a8b35d6a307f46f78ea46be51b1b7e11b3", size = 12389, upload-time = "2024-01-28T20:17:23.177Z" }
wheels = [
    { url = "https://files.pythonhosted.org/packages/19/58/5d14cb5cb59409e491ebe816c47bf81423cd03098ea92281336320ae5681/pytest_socket-0.7.0-py3-none-any.whl", hash = "sha256:7e0f4642177d55d317bbd58fc68c6bd9048d6eadb2d46a89307fa9221336ce45", size = 6754, upload-time = "2024-01-28T20:17:22.105Z" },
]

[[package]]
name = "pyyaml"
version = "6.0.1"
source = { registry = "https://pypi.org/simple" }
sdist = { url = "https://files.pythonhosted.org/packages/cd/e5/af35f7ea75cf72f2cd079c95ee16797de7cd71f29ea7c68ae5ce7be1eda0/PyYAML-6.0.1.tar.gz", hash = "sha256:bfdf460b1736c775f2ba9f6a92bca30bc2095067b8a9d77876d1fad6cc3b4a43", size = 125201, upload-time = "2023-07-18T00:00:23.308Z" }
wheels = [
    { url = "https://files.pythonhosted.org/packages/bc/06/1b305bf6aa704343be85444c9d011f626c763abb40c0edc1cad13bfd7f86/PyYAML-6.0.1-cp312-cp312-macosx_10_9_x86_64.whl", hash = "sha256:855fb52b0dc35af121542a76b9a84f8d1cd886ea97c84703eaa6d88e37a2ad28", size = 178692, upload-time = "2023-08-28T18:43:24.924Z" },
    { url = "https://files.pythonhosted.org/packages/84/02/404de95ced348b73dd84f70e15a41843d817ff8c1744516bf78358f2ffd2/PyYAML-6.0.1-cp312-cp312-macosx_11_0_arm64.whl", hash = "sha256:40df9b996c2b73138957fe23a16a4f0ba614f4c0efce1e9406a184b6d07fa3a9", size = 165622, upload-time = "2023-08-28T18:43:26.54Z" },
    { url = "https://files.pythonhosted.org/packages/c7/4c/4a2908632fc980da6d918b9de9c1d9d7d7e70b2672b1ad5166ed27841ef7/PyYAML-6.0.1-cp312-cp312-manylinux_2_17_aarch64.manylinux2014_aarch64.whl", hash = "sha256:a08c6f0fe150303c1c6b71ebcd7213c2858041a7e01975da3a99aed1e7a378ef", size = 696937, upload-time = "2024-01-18T20:40:22.92Z" },
    { url = "https://files.pythonhosted.org/packages/b4/33/720548182ffa8344418126017aa1d4ab4aeec9a2275f04ce3f3573d8ace8/PyYAML-6.0.1-cp312-cp312-manylinux_2_17_x86_64.manylinux2014_x86_64.whl", hash = "sha256:6c22bec3fbe2524cde73d7ada88f6566758a8f7227bfbf93a408a9d86bcc12a0", size = 724969, upload-time = "2023-08-28T18:43:28.56Z" },
    { url = "https://files.pythonhosted.org/packages/4f/78/77b40157b6cb5f2d3d31a3d9b2efd1ba3505371f76730d267e8b32cf4b7f/PyYAML-6.0.1-cp312-cp312-musllinux_1_1_x86_64.whl", hash = "sha256:8d4e9c88387b0f5c7d5f281e55304de64cf7f9c0021a3525bd3b1c542da3b0e4", size = 712604, upload-time = "2023-08-28T18:43:30.206Z" },
    { url = "https://files.pythonhosted.org/packages/2e/97/3e0e089ee85e840f4b15bfa00e4e63d84a3691ababbfea92d6f820ea6f21/PyYAML-6.0.1-cp312-cp312-win32.whl", hash = "sha256:d483d2cdf104e7c9fa60c544d92981f12ad66a457afae824d146093b8c294c54", size = 126098, upload-time = "2023-08-28T18:43:31.835Z" },
    { url = "https://files.pythonhosted.org/packages/2b/9f/fbade56564ad486809c27b322d0f7e6a89c01f6b4fe208402e90d4443a99/PyYAML-6.0.1-cp312-cp312-win_amd64.whl", hash = "sha256:0d3304d8c0adc42be59c5f8a4d9e3d7379e6955ad754aa9d6ab7a398b59dd1df", size = 138675, upload-time = "2023-08-28T18:43:33.613Z" },
]

[[package]]
name = "requests"
version = "2.32.3"
source = { registry = "https://pypi.org/simple" }
dependencies = [
    { name = "certifi" },
    { name = "charset-normalizer" },
    { name = "idna" },
    { name = "urllib3" },
]
sdist = { url = "https://files.pythonhosted.org/packages/63/70/2bf7780ad2d390a8d301ad0b550f1581eadbd9a20f896afe06353c2a2913/requests-2.32.3.tar.gz", hash = "sha256:55365417734eb18255590a9ff9eb97e9e1da868d4ccd6402399eaf68af20a760", size = 131218, upload-time = "2024-05-29T15:37:49.536Z" }
wheels = [
    { url = "https://files.pythonhosted.org/packages/f9/9b/335f9764261e915ed497fcdeb11df5dfd6f7bf257d4a6a2a686d80da4d54/requests-2.32.3-py3-none-any.whl", hash = "sha256:70761cfe03c773ceb22aa2f671b4757976145175cdfca038c02654d061d6dcc6", size = 64928, upload-time = "2024-05-29T15:37:47.027Z" },
]

[[package]]
name = "responses"
version = "0.25.3"
source = { registry = "https://pypi.org/simple" }
dependencies = [
    { name = "pyyaml" },
    { name = "requests" },
    { name = "urllib3" },
]
sdist = { url = "https://files.pythonhosted.org/packages/67/24/1d67c8974daa502e860b4a5b57ad6de0d7dbc0b1160ef7148189a24a40e1/responses-0.25.3.tar.gz", hash = "sha256:617b9247abd9ae28313d57a75880422d55ec63c29d33d629697590a034358dba", size = 77798, upload-time = "2024-06-14T16:32:58.41Z" }
wheels = [
    { url = "https://files.pythonhosted.org/packages/12/24/93293d0be0db9da1ed8dfc5e6af700fdd40e8f10a928704dd179db9f03c1/responses-0.25.3-py3-none-any.whl", hash = "sha256:521efcbc82081ab8daa588e08f7e8a64ce79b91c39f6e62199b19159bea7dbcb", size = 55238, upload-time = "2024-06-14T16:32:55.758Z" },
]

[[package]]
name = "ruff"
version = "0.12.8"
source = { registry = "https://pypi.org/simple" }
sdist = { url = "https://files.pythonhosted.org/packages/4b/da/5bd7565be729e86e1442dad2c9a364ceeff82227c2dece7c29697a9795eb/ruff-0.12.8.tar.gz", hash = "sha256:4cb3a45525176e1009b2b64126acf5f9444ea59066262791febf55e40493a033", size = 5242373, upload-time = "2025-08-07T19:05:47.268Z" }
wheels = [
    { url = "https://files.pythonhosted.org/packages/c9/1e/c843bfa8ad1114fab3eb2b78235dda76acd66384c663a4e0415ecc13aa1e/ruff-0.12.8-py3-none-linux_armv6l.whl", hash = "sha256:63cb5a5e933fc913e5823a0dfdc3c99add73f52d139d6cd5cc8639d0e0465513", size = 11675315, upload-time = "2025-08-07T19:05:06.15Z" },
    { url = "https://files.pythonhosted.org/packages/24/ee/af6e5c2a8ca3a81676d5480a1025494fd104b8896266502bb4de2a0e8388/ruff-0.12.8-py3-none-macosx_10_12_x86_64.whl", hash = "sha256:9a9bbe28f9f551accf84a24c366c1aa8774d6748438b47174f8e8565ab9dedbc", size = 12456653, upload-time = "2025-08-07T19:05:09.759Z" },
    { url = "https://files.pythonhosted.org/packages/99/9d/e91f84dfe3866fa648c10512904991ecc326fd0b66578b324ee6ecb8f725/ruff-0.12.8-py3-none-macosx_11_0_arm64.whl", hash = "sha256:2fae54e752a3150f7ee0e09bce2e133caf10ce9d971510a9b925392dc98d2fec", size = 11659690, upload-time = "2025-08-07T19:05:12.551Z" },
    { url = "https://files.pythonhosted.org/packages/fe/ac/a363d25ec53040408ebdd4efcee929d48547665858ede0505d1d8041b2e5/ruff-0.12.8-py3-none-manylinux_2_17_aarch64.manylinux2014_aarch64.whl", hash = "sha256:c0acbcf01206df963d9331b5838fb31f3b44fa979ee7fa368b9b9057d89f4a53", size = 11896923, upload-time = "2025-08-07T19:05:14.821Z" },
    { url = "https://files.pythonhosted.org/packages/58/9f/ea356cd87c395f6ade9bb81365bd909ff60860975ca1bc39f0e59de3da37/ruff-0.12.8-py3-none-manylinux_2_17_armv7l.manylinux2014_armv7l.whl", hash = "sha256:ae3e7504666ad4c62f9ac8eedb52a93f9ebdeb34742b8b71cd3cccd24912719f", size = 11477612, upload-time = "2025-08-07T19:05:16.712Z" },
    { url = "https://files.pythonhosted.org/packages/1a/46/92e8fa3c9dcfd49175225c09053916cb97bb7204f9f899c2f2baca69e450/ruff-0.12.8-py3-none-manylinux_2_17_i686.manylinux2014_i686.whl", hash = "sha256:cb82efb5d35d07497813a1c5647867390a7d83304562607f3579602fa3d7d46f", size = 13182745, upload-time = "2025-08-07T19:05:18.709Z" },
    { url = "https://files.pythonhosted.org/packages/5e/c4/f2176a310f26e6160deaf661ef60db6c3bb62b7a35e57ae28f27a09a7d63/ruff-0.12.8-py3-none-manylinux_2_17_ppc64.manylinux2014_ppc64.whl", hash = "sha256:dbea798fc0065ad0b84a2947b0aff4233f0cb30f226f00a2c5850ca4393de609", size = 14206885, upload-time = "2025-08-07T19:05:21.025Z" },
    { url = "https://files.pythonhosted.org/packages/87/9d/98e162f3eeeb6689acbedbae5050b4b3220754554526c50c292b611d3a63/ruff-0.12.8-py3-none-manylinux_2_17_ppc64le.manylinux2014_ppc64le.whl", hash = "sha256:49ebcaccc2bdad86fd51b7864e3d808aad404aab8df33d469b6e65584656263a", size = 13639381, upload-time = "2025-08-07T19:05:23.423Z" },
    { url = "https://files.pythonhosted.org/packages/81/4e/1b7478b072fcde5161b48f64774d6edd59d6d198e4ba8918d9f4702b8043/ruff-0.12.8-py3-none-manylinux_2_17_s390x.manylinux2014_s390x.whl", hash = "sha256:0ac9c570634b98c71c88cb17badd90f13fc076a472ba6ef1d113d8ed3df109fb", size = 12613271, upload-time = "2025-08-07T19:05:25.507Z" },
    { url = "https://files.pythonhosted.org/packages/e8/67/0c3c9179a3ad19791ef1b8f7138aa27d4578c78700551c60d9260b2c660d/ruff-0.12.8-py3-none-manylinux_2_17_x86_64.manylinux2014_x86_64.whl", hash = "sha256:560e0cd641e45591a3e42cb50ef61ce07162b9c233786663fdce2d8557d99818", size = 12847783, upload-time = "2025-08-07T19:05:28.14Z" },
    { url = "https://files.pythonhosted.org/packages/4e/2a/0b6ac3dd045acf8aa229b12c9c17bb35508191b71a14904baf99573a21bd/ruff-0.12.8-py3-none-musllinux_1_2_aarch64.whl", hash = "sha256:71c83121512e7743fba5a8848c261dcc454cafb3ef2934a43f1b7a4eb5a447ea", size = 11702672, upload-time = "2025-08-07T19:05:30.413Z" },
    { url = "https://files.pythonhosted.org/packages/9d/ee/f9fdc9f341b0430110de8b39a6ee5fa68c5706dc7c0aa940817947d6937e/ruff-0.12.8-py3-none-musllinux_1_2_armv7l.whl", hash = "sha256:de4429ef2ba091ecddedd300f4c3f24bca875d3d8b23340728c3cb0da81072c3", size = 11440626, upload-time = "2025-08-07T19:05:32.492Z" },
    { url = "https://files.pythonhosted.org/packages/89/fb/b3aa2d482d05f44e4d197d1de5e3863feb13067b22c571b9561085c999dc/ruff-0.12.8-py3-none-musllinux_1_2_i686.whl", hash = "sha256:a2cab5f60d5b65b50fba39a8950c8746df1627d54ba1197f970763917184b161", size = 12462162, upload-time = "2025-08-07T19:05:34.449Z" },
    { url = "https://files.pythonhosted.org/packages/18/9f/5c5d93e1d00d854d5013c96e1a92c33b703a0332707a7cdbd0a4880a84fb/ruff-0.12.8-py3-none-musllinux_1_2_x86_64.whl", hash = "sha256:45c32487e14f60b88aad6be9fd5da5093dbefb0e3e1224131cb1d441d7cb7d46", size = 12913212, upload-time = "2025-08-07T19:05:36.541Z" },
    { url = "https://files.pythonhosted.org/packages/71/13/ab9120add1c0e4604c71bfc2e4ef7d63bebece0cfe617013da289539cef8/ruff-0.12.8-py3-none-win32.whl", hash = "sha256:daf3475060a617fd5bc80638aeaf2f5937f10af3ec44464e280a9d2218e720d3", size = 11694382, upload-time = "2025-08-07T19:05:38.468Z" },
    { url = "https://files.pythonhosted.org/packages/f6/dc/a2873b7c5001c62f46266685863bee2888caf469d1edac84bf3242074be2/ruff-0.12.8-py3-none-win_amd64.whl", hash = "sha256:7209531f1a1fcfbe8e46bcd7ab30e2f43604d8ba1c49029bb420b103d0b5f76e", size = 12740482, upload-time = "2025-08-07T19:05:40.391Z" },
    { url = "https://files.pythonhosted.org/packages/cb/5c/799a1efb8b5abab56e8a9f2a0b72d12bd64bb55815e9476c7d0a2887d2f7/ruff-0.12.8-py3-none-win_arm64.whl", hash = "sha256:c90e1a334683ce41b0e7a04f41790c429bf5073b62c1ae701c9dc5b3d14f0749", size = 11884718, upload-time = "2025-08-07T19:05:42.866Z" },
]

[[package]]
name = "semver"
version = "3.0.2"
source = { registry = "https://pypi.org/simple" }
sdist = { url = "https://files.pythonhosted.org/packages/41/6c/a536cc008f38fd83b3c1b98ce19ead13b746b5588c9a0cb9dd9f6ea434bc/semver-3.0.2.tar.gz", hash = "sha256:6253adb39c70f6e51afed2fa7152bcd414c411286088fb4b9effb133885ab4cc", size = 214988, upload-time = "2023-10-09T11:58:25.975Z" }
wheels = [
    { url = "https://files.pythonhosted.org/packages/9a/77/0cc7a8a3bc7e53d07e8f47f147b92b0960e902b8254859f4aee5c4d7866b/semver-3.0.2-py3-none-any.whl", hash = "sha256:b1ea4686fe70b981f85359eda33199d60c53964284e0cfb4977d243e37cf4bf4", size = 17099, upload-time = "2023-10-09T11:58:24.128Z" },
]

[[package]]
name = "soupsieve"
version = "2.5"
source = { registry = "https://pypi.org/simple" }
sdist = { url = "https://files.pythonhosted.org/packages/ce/21/952a240de1c196c7e3fbcd4e559681f0419b1280c617db21157a0390717b/soupsieve-2.5.tar.gz", hash = "sha256:5663d5a7b3bfaeee0bc4372e7fc48f9cff4940b3eec54a6451cc5299f1097690", size = 100943, upload-time = "2023-09-02T12:48:22.131Z" }
wheels = [
    { url = "https://files.pythonhosted.org/packages/4c/f3/038b302fdfbe3be7da016777069f26ceefe11a681055ea1f7817546508e3/soupsieve-2.5-py3-none-any.whl", hash = "sha256:eaa337ff55a1579b6549dc679565eac1e3d000563bcb1c8ab0d0fefbc0c2cdc7", size = 36131, upload-time = "2023-09-02T12:48:20.552Z" },
]

[[package]]
name = "types-beautifulsoup4"
version = "4.12.0.20240511"
source = { registry = "https://pypi.org/simple" }
dependencies = [
    { name = "types-html5lib" },
]
sdist = { url = "https://files.pythonhosted.org/packages/56/4a/a5630805a9ab67c7bc852a16826e72b884a9460328c95f5202fb37e3473c/types-beautifulsoup4-4.12.0.20240511.tar.gz", hash = "sha256:004f6096fdd83b19cdbf6cb10e4eae57b10205eccc365d0a69d77da836012e28", size = 11479, upload-time = "2024-05-11T02:18:12.921Z" }
wheels = [
    { url = "https://files.pythonhosted.org/packages/3d/93/c2a9ecb06a2740b59342eaa51099b4f56c398196f99b826586ab0febc31b/types_beautifulsoup4-4.12.0.20240511-py3-none-any.whl", hash = "sha256:7ceda66a93ba28d759d5046d7fec9f4cad2f563a77b3a789efc90bcadafeefd1", size = 12074, upload-time = "2024-05-11T02:18:11.722Z" },
]

[[package]]
name = "types-html5lib"
version = "1.1.11.20240228"
source = { registry = "https://pypi.org/simple" }
sdist = { url = "https://files.pythonhosted.org/packages/cc/82/1989f42c68cc60cd0d28b185665e9a1ffc1beb9bff12b3849c49d82cd70a/types-html5lib-1.1.11.20240228.tar.gz", hash = "sha256:22736b7299e605ec4ba539d48691e905fd0c61c3ea610acc59922232dc84cede", size = 11226, upload-time = "2024-02-28T02:14:03.839Z" }
wheels = [
    { url = "https://files.pythonhosted.org/packages/9a/75/5947ce2d3c41943bad9cd8c7976a3f896904e9b4d5c1cd785b866d185436/types_html5lib-1.1.11.20240228-py3-none-any.whl", hash = "sha256:af5de0125cb0fe5667543b158db83849b22e25c0e36c9149836b095548bf1020", size = 17237, upload-time = "2024-02-28T02:14:01.845Z" },
]

[[package]]
name = "types-requests"
version = "2.32.0.20240712"
source = { registry = "https://pypi.org/simple" }
dependencies = [
    { name = "urllib3" },
]
sdist = { url = "https://files.pythonhosted.org/packages/5e/9e/7663eb27c33568b8fc20ccdaf2a1ce53a9530c42a7cceb9f552a6ff4a1d8/types-requests-2.32.0.20240712.tar.gz", hash = "sha256:90c079ff05e549f6bf50e02e910210b98b8ff1ebdd18e19c873cd237737c1358", size = 17896, upload-time = "2024-07-12T02:27:34.065Z" }
wheels = [
    { url = "https://files.pythonhosted.org/packages/30/4d/cbed87a6912fbd9259ce23a5d4aa1de9816edf75eec6ed9a757c00906c8e/types_requests-2.32.0.20240712-py3-none-any.whl", hash = "sha256:f754283e152c752e46e70942fa2a146b5bc70393522257bb85bd1ef7e019dcc3", size = 15816, upload-time = "2024-07-12T02:27:32.392Z" },
]

[[package]]
name = "typing-extensions"
version = "4.12.2"
source = { registry = "https://pypi.org/simple" }
sdist = { url = "https://files.pythonhosted.org/packages/df/db/f35a00659bc03fec321ba8bce9420de607a1d37f8342eee1863174c69557/typing_extensions-4.12.2.tar.gz", hash = "sha256:1a7ead55c7e559dd4dee8856e3a88b41225abfe1ce8df57b7c13915fe121ffb8", size = 85321, upload-time = "2024-06-07T18:52:15.995Z" }
wheels = [
    { url = "https://files.pythonhosted.org/packages/26/9f/ad63fc0248c5379346306f8668cda6e2e2e9c95e01216d2b8ffd9ff037d0/typing_extensions-4.12.2-py3-none-any.whl", hash = "sha256:04e5ca0351e0f3f85c6853954072df659d0d13fac324d0072316b67d7794700d", size = 37438, upload-time = "2024-06-07T18:52:13.582Z" },
]

[[package]]
name = "urllib3"
version = "2.2.2"
source = { registry = "https://pypi.org/simple" }
sdist = { url = "https://files.pythonhosted.org/packages/43/6d/fa469ae21497ddc8bc93e5877702dca7cb8f911e337aca7452b5724f1bb6/urllib3-2.2.2.tar.gz", hash = "sha256:dd505485549a7a552833da5e6063639d0d177c04f23bc3864e41e5dc5f612168", size = 292266, upload-time = "2024-06-17T13:40:11.401Z" }
wheels = [
    { url = "https://files.pythonhosted.org/packages/ca/1c/89ffc63a9605b583d5df2be791a27bc1a42b7c32bab68d3c8f2f73a98cd4/urllib3-2.2.2-py3-none-any.whl", hash = "sha256:a448b2f64d686155468037e1ace9f2d2199776e17f0a46610480d311f73e3472", size = 121444, upload-time = "2024-06-17T13:40:07.795Z" },
]

[[package]]
name = "virtualenv"
version = "20.26.3"
source = { registry = "https://pypi.org/simple" }
dependencies = [
    { name = "distlib" },
    { name = "filelock" },
    { name = "platformdirs" },
]
sdist = { url = "https://files.pythonhosted.org/packages/68/60/db9f95e6ad456f1872486769c55628c7901fb4de5a72c2f7bdd912abf0c1/virtualenv-20.26.3.tar.gz", hash = "sha256:4c43a2a236279d9ea36a0d76f98d84bd6ca94ac4e0f4a3b9d46d05e10fea542a", size = 9057588, upload-time = "2024-06-22T01:57:47.963Z" }
wheels = [
    { url = "https://files.pythonhosted.org/packages/07/4d/410156100224c5e2f0011d435e477b57aed9576fc7fe137abcf14ec16e11/virtualenv-20.26.3-py3-none-any.whl", hash = "sha256:8cc4a31139e796e9a7de2cd5cf2489de1217193116a8fd42328f1bd65f434589", size = 5684792, upload-time = "2024-06-22T01:57:43.997Z" },
]
